
Microsoft Visual Studio Solution File, Format Version 12.00
# Visual Studio 15
VisualStudioVersion = 15.0.28307.645
MinimumVisualStudioVersion = 10.0.40219.1
Project("{FAE04EC0-301F-11D3-BF4B-00C04F79EFBC}") = "Gardiennage", "Gardiennage\Gardiennage.csproj", "{55C4EC93-6DB3-45A3-AD54-422F0DAAE3B8}"
EndProject
Global
	GlobalSection(SolutionConfigurationPlatforms) = preSolution
		Debug|Any CPU = Debug|Any CPU
		Release|Any CPU = Release|Any CPU
	EndGlobalSection
	GlobalSection(ProjectConfigurationPlatforms) = postSolution
		{55C4EC93-6DB3-45A3-AD54-422F0DAAE3B8}.Debug|Any CPU.ActiveCfg = Debug|Any CPU
		{55C4EC93-6DB3-45A3-AD54-422F0DAAE3B8}.Debug|Any CPU.Build.0 = Debug|Any CPU
		{55C4EC93-6DB3-45A3-AD54-422F0DAAE3B8}.Release|Any CPU.ActiveCfg = Release|Any CPU
		{55C4EC93-6DB3-45A3-AD54-422F0DAAE3B8}.Release|Any CPU.Build.0 = Release|Any CPU
	EndGlobalSection
	GlobalSection(SolutionProperties) = preSolution
		HideSolutionNode = FALSE
	EndGlobalSection
	GlobalSection(ExtensibilityGlobals) = postSolution
		SolutionGuid = {61E87895-345B-4F69-807E-49716C522606}
	EndGlobalSection
EndGlobal
